{
  "name": "qqbot",
  "version": "1.0.0",
  "lockfileVersion": 1,
  "requires": true,
  "dependencies": {
    "axios": {
      "version": "0.21.1",
      "resolved": "https://registry.npm.taobao.org/axios/download/axios-0.21.1.tgz?cache=0&sync_timestamp=1608609188013&other_urls=https%3A%2F%2Fregistry.npm.taobao.org%2Faxios%2Fdownload%2Faxios-0.21.1.tgz",
      "integrity": "sha1-IlY0gZYvTWvemnbVFu8OXTwJsrg=",
      "requires": {
        "follow-redirects": "^1.10.0"
      }
    },
    "bignumber.js": {
      "version": "9.0.0",
      "resolved": "https://registry.npm.taobao.org/bignumber.js/download/bignumber.js-9.0.0.tgz",
      "integrity": "sha1-gFiA+Eoym16sbny2+CdLbYK98HU="
    },
    "core-util-is": {
      "version": "1.0.2",
      "resolved": "https://registry.npm.taobao.org/core-util-is/download/core-util-is-1.0.2.tgz",
      "integrity": "sha1-tf1UIgqivFq1eqtxQMlAdUUDwac="
    },
    "date-format": {
      "version": "3.0.0",
      "resolved": "https://registry.npm.taobao.org/date-format/download/date-format-3.0.0.tgz",
      "integrity": "sha1-64eANlx9KxURB4+0keZHl4DzrZU="
    },
    "debug": {
      "version": "4.3.2",
      "resolved": "https://registry.nlark.com/debug/download/debug-4.3.2.tgz?cache=0&sync_timestamp=1625374675284&other_urls=https%3A%2F%2Fregistry.nlark.com%2Fdebug%2Fdownload%2Fdebug-4.3.2.tgz",
      "integrity": "sha1-8KScGKyHeeMdSgxgKd+3aHPHQos=",
      "requires": {
        "ms": "2.1.2"
      }
    },
    "flatted": {
      "version": "2.0.2",
      "resolved": "https://registry.nlark.com/flatted/download/flatted-2.0.2.tgz?cache=0&sync_timestamp=1627541049935&other_urls=https%3A%2F%2Fregistry.nlark.com%2Fflatted%2Fdownload%2Fflatted-2.0.2.tgz",
      "integrity": "sha1-RXWyHivO50NKqb5mL0t7X5wrUTg="
    },
    "follow-redirects": {
      "version": "1.14.2",
      "resolved": "https://registry.nlark.com/follow-redirects/download/follow-redirects-1.14.2.tgz?cache=0&other_urls=https%3A%2F%2Fregistry.nlark.com%2Ffollow-redirects%2Fdownload%2Ffollow-redirects-1.14.2.tgz",
      "integrity": "sha1-zsuCUEfAD15msUL5D+1PUV3seJs="
    },
    "frame-bot": {
      "version": "1.0.2",
      "resolved": "https://registry.npmjs.org/frame-bot/-/frame-bot-1.0.2.tgz",
      "integrity": "sha512-MGjeTFW8rYkv4yclIuCrWaigeqIUjSYNNll5iBkN6qi9WvgzDHQA7AUhH5wKTwgXRNltX5GIn+IKQAbuI0DCDg==",
      "requires": {
        "oicq": "^1.19.5"
      }
    },
    "fs-extra": {
      "version": "8.1.0",
      "resolved": "https://registry.nlark.com/fs-extra/download/fs-extra-8.1.0.tgz",
      "integrity": "sha1-SdQ8RaiM2Wd2aMt74bRu/bjS4cA=",
      "requires": {
        "graceful-fs": "^4.2.0",
        "jsonfile": "^4.0.0",
        "universalify": "^0.1.0"
      }
    },
    "graceful-fs": {
      "version": "4.2.8",
      "resolved": "https://registry.nlark.com/graceful-fs/download/graceful-fs-4.2.8.tgz?cache=0&sync_timestamp=1628194078324&other_urls=https%3A%2F%2Fregistry.nlark.com%2Fgraceful-fs%2Fdownload%2Fgraceful-fs-4.2.8.tgz",
      "integrity": "sha1-5BK40z9eAGWTy9PO5t+fLOu+gCo="
    },
    "iconv-lite": {
      "version": "0.4.24",
      "resolved": "https://registry.nlark.com/iconv-lite/download/iconv-lite-0.4.24.tgz",
      "integrity": "sha1-ICK0sl+93CHS9SSXSkdKr+czkIs=",
      "requires": {
        "safer-buffer": ">= 2.1.2 < 3"
      }
    },
    "inherits": {
      "version": "2.0.4",
      "resolved": "https://registry.npm.taobao.org/inherits/download/inherits-2.0.4.tgz",
      "integrity": "sha1-D6LGT5MpF8NDOg3tVTY6rjdBa3w="
    },
    "isarray": {
      "version": "1.0.0",
      "resolved": "https://registry.nlark.com/isarray/download/isarray-1.0.0.tgz",
      "integrity": "sha1-u5NdSFgsuhaMBoNJV6VKPgcSTxE="
    },
    "jsonfile": {
      "version": "4.0.0",
      "resolved": "https://registry.npm.taobao.org/jsonfile/download/jsonfile-4.0.0.tgz?cache=0&sync_timestamp=1604161844511&other_urls=https%3A%2F%2Fregistry.npm.taobao.org%2Fjsonfile%2Fdownload%2Fjsonfile-4.0.0.tgz",
      "integrity": "sha1-h3Gq4HmbZAdrdmQPygWPnBDjPss=",
      "requires": {
        "graceful-fs": "^4.1.6"
      }
    },
    "jsqr": {
      "version": "1.4.0",
      "resolved": "https://registry.nlark.com/jsqr/download/jsqr-1.4.0.tgz",
      "integrity": "sha1-jvuNCnzGhjy22VEWuQaRI86estE="
    },
    "lodash.merge": {
      "version": "4.6.2",
      "resolved": "https://registry.npm.taobao.org/lodash.merge/download/lodash.merge-4.6.2.tgz",
      "integrity": "sha1-VYqlO0O2YeGSWgr9+japoQhf5Xo="
    },
    "log4js": {
      "version": "6.3.0",
      "resolved": "https://registry.npm.taobao.org/log4js/download/log4js-6.3.0.tgz",
      "integrity": "sha1-EN+vu0NDUaPjAnegC5h5RG9xW8s=",
      "requires": {
        "date-format": "^3.0.0",
        "debug": "^4.1.1",
        "flatted": "^2.0.1",
        "rfdc": "^1.1.4",
        "streamroller": "^2.2.4"
      }
    },
    "long": {
      "version": "4.0.0",
      "resolved": "https://registry.npm.taobao.org/long/download/long-4.0.0.tgz",
      "integrity": "sha1-mntxz7fTYaGU6lVSQckvdGjVvyg="
    },
    "ms": {
      "version": "2.1.2",
      "resolved": "https://registry.nlark.com/ms/download/ms-2.1.2.tgz?cache=0&sync_timestamp=1629910562433&other_urls=https%3A%2F%2Fregistry.nlark.com%2Fms%2Fdownload%2Fms-2.1.2.tgz",
      "integrity": "sha1-0J0fNXtEP0kzgqjrPM0YOHKuYAk="
    },
    "mysql": {
      "version": "2.18.1",
      "resolved": "https://registry.npm.taobao.org/mysql/download/mysql-2.18.1.tgz",
      "integrity": "sha1-IlQUOFXFqMc4JeRSK68uoCF2Zxc=",
      "requires": {
        "bignumber.js": "9.0.0",
        "readable-stream": "2.3.7",
        "safe-buffer": "5.1.2",
        "sqlstring": "2.3.1"
      }
    },
    "needle": {
      "version": "2.9.0",
      "resolved": "https://registry.nlark.com/needle/download/needle-2.9.0.tgz",
      "integrity": "sha1-xoDkAfmbbD2NHzFXVgUu3z3Dvf8=",
      "requires": {
        "debug": "^3.2.6",
        "iconv-lite": "^0.4.4",
        "sax": "^1.2.4"
      },
      "dependencies": {
        "debug": {
          "version": "3.2.7",
          "resolved": "https://registry.nlark.com/debug/download/debug-3.2.7.tgz?cache=0&sync_timestamp=1625374675284&other_urls=https%3A%2F%2Fregistry.nlark.com%2Fdebug%2Fdownload%2Fdebug-3.2.7.tgz",
          "integrity": "sha1-clgLfpFF+zm2Z2+cXl+xALk0F5o=",
          "requires": {
            "ms": "^2.1.1"
          }
        }
      }
    },
    "oicq": {
      "version": "1.19.5",
      "resolved": "https://registry.nlark.com/oicq/download/oicq-1.19.5.tgz",
      "integrity": "sha1-8QwQD02cCmoQBZf+Soxrjx4S4qc=",
      "requires": {
        "jsqr": "^1.4.0",
        "log4js": "^6.3.0",
        "long": "^4.0.0",
        "pngjs": "^6.0.0",
        "probe-image-size": "^7.2.1",
        "qrcode-terminal": "^0.12.0"
      }
    },
    "pngjs": {
      "version": "6.0.0",
      "resolved": "https://registry.npm.taobao.org/pngjs/download/pngjs-6.0.0.tgz",
      "integrity": "sha1-yp5dKqSNsCKKUsQZwzCOh3INqCE="
    },
    "probe-image-size": {
      "version": "7.2.1",
      "resolved": "https://registry.nlark.com/probe-image-size/download/probe-image-size-7.2.1.tgz",
      "integrity": "sha1-3wySTmfiR7yU+Pyw+tfwCBBh/EQ=",
      "requires": {
        "lodash.merge": "^4.6.2",
        "needle": "^2.5.2",
        "stream-parser": "~0.3.1"
      }
    },
    "process-nextick-args": {
      "version": "2.0.1",
      "resolved": "https://registry.nlark.com/process-nextick-args/download/process-nextick-args-2.0.1.tgz",
      "integrity": "sha1-eCDZsWEgzFXKmud5JoCufbptf+I="
    },
    "qrcode-terminal": {
      "version": "0.12.0",
      "resolved": "https://registry.npm.taobao.org/qrcode-terminal/download/qrcode-terminal-0.12.0.tgz",
      "integrity": "sha1-u1tpnvf58FBQkqN0i+RGT+cbWBk="
    },
    "readable-stream": {
      "version": "2.3.7",
      "resolved": "https://registry.nlark.com/readable-stream/download/readable-stream-2.3.7.tgz",
      "integrity": "sha1-Hsoc9xGu+BTAT2IlKjamL2yyO1c=",
      "requires": {
        "core-util-is": "~1.0.0",
        "inherits": "~2.0.3",
        "isarray": "~1.0.0",
        "process-nextick-args": "~2.0.0",
        "safe-buffer": "~5.1.1",
        "string_decoder": "~1.1.1",
        "util-deprecate": "~1.0.1"
      }
    },
    "rfdc": {
      "version": "1.3.0",
      "resolved": "https://registry.npm.taobao.org/rfdc/download/rfdc-1.3.0.tgz",
      "integrity": "sha1-0LfEQasnINBdxM8m4ByJYx2doIs="
    },
    "safe-buffer": {
      "version": "5.1.2",
      "resolved": "https://registry.npm.taobao.org/safe-buffer/download/safe-buffer-5.1.2.tgz",
      "integrity": "sha1-mR7GnSluAxN0fVm9/St0XDX4go0="
    },
    "safer-buffer": {
      "version": "2.1.2",
      "resolved": "https://registry.npm.taobao.org/safer-buffer/download/safer-buffer-2.1.2.tgz",
      "integrity": "sha1-RPoWGwGHuVSd2Eu5GAL5vYOFzWo="
    },
    "sax": {
      "version": "1.2.4",
      "resolved": "https://registry.nlark.com/sax/download/sax-1.2.4.tgz",
      "integrity": "sha1-KBYjTiN4vdxOU1T6tcqold9xANk="
    },
    "sqlstring": {
      "version": "2.3.1",
      "resolved": "https://registry.npm.taobao.org/sqlstring/download/sqlstring-2.3.1.tgz",
      "integrity": "sha1-R1OT/56RR5rqYtyvDKPRSYOn+0A="
    },
    "stream-parser": {
      "version": "0.3.1",
      "resolved": "https://registry.npm.taobao.org/stream-parser/download/stream-parser-0.3.1.tgz",
      "integrity": "sha1-FhhUhpRCACGhGC/wrxkRwSl2F3M=",
      "requires": {
        "debug": "2"
      },
      "dependencies": {
        "debug": {
          "version": "2.6.9",
          "resolved": "https://registry.nlark.com/debug/download/debug-2.6.9.tgz?cache=0&sync_timestamp=1625374675284&other_urls=https%3A%2F%2Fregistry.nlark.com%2Fdebug%2Fdownload%2Fdebug-2.6.9.tgz",
          "integrity": "sha1-XRKFFd8TT/Mn6QpMk/Tgd6U2NB8=",
          "requires": {
            "ms": "2.0.0"
          }
        },
        "ms": {
          "version": "2.0.0",
          "resolved": "https://registry.nlark.com/ms/download/ms-2.0.0.tgz?cache=0&sync_timestamp=1629910562433&other_urls=https%3A%2F%2Fregistry.nlark.com%2Fms%2Fdownload%2Fms-2.0.0.tgz",
          "integrity": "sha1-VgiurfwAvmwpAd9fmGF4jeDVl8g="
        }
      }
    },
    "streamroller": {
      "version": "2.2.4",
      "resolved": "https://registry.npm.taobao.org/streamroller/download/streamroller-2.2.4.tgz",
      "integrity": "sha1-wZjO1C25QIamGTYIGHzoCl8rDlM=",
      "requires": {
        "date-format": "^2.1.0",
        "debug": "^4.1.1",
        "fs-extra": "^8.1.0"
      },
      "dependencies": {
        "date-format": {
          "version": "2.1.0",
          "resolved": "https://registry.npm.taobao.org/date-format/download/date-format-2.1.0.tgz",
          "integrity": "sha1-MdW16iEc9f12TNOLr50DPffhJc8="
        }
      }
    },
    "string_decoder": {
      "version": "1.1.1",
      "resolved": "https://registry.nlark.com/string_decoder/download/string_decoder-1.1.1.tgz",
      "integrity": "sha1-nPFhG6YmhdcDCunkujQUnDrwP8g=",
      "requires": {
        "safe-buffer": "~5.1.0"
      }
    },
    "universalify": {
      "version": "0.1.2",
      "resolved": "https://registry.npm.taobao.org/universalify/download/universalify-0.1.2.tgz",
      "integrity": "sha1-tkb2m+OULavOzJ1mOcgNwQXvqmY="
    },
    "util-deprecate": {
      "version": "1.0.2",
      "resolved": "https://registry.npm.taobao.org/util-deprecate/download/util-deprecate-1.0.2.tgz",
      "integrity": "sha1-RQ1Nyfpw3nMnYvvS1KKJgUGaDM8="
    }
  }
}
